
Microsoft Visual Studio Solution File, Format Version 12.00
# Visual Studio Version 17
VisualStudioVersion = 17.7.34221.43
MinimumVisualStudioVersion = 10.0.40219.1
Project("{FAE04EC0-301F-11D3-BF4B-00C04F79EFBC}") = "FileConverter", "FileConverter\FileConverter.csproj", "{66D761CE-B982-4D31-A242-4EBD1D16938F}"
EndProject
Global
	GlobalSection(SolutionConfigurationPlatforms) = preSolution
		Debug|Any CPU = Debug|Any CPU
		Release|Any CPU = Release|Any CPU
	EndGlobalSection
	GlobalSection(ProjectConfigurationPlatforms) = postSolution
		{66D761CE-B982-4D31-A242-4EBD1D16938F}.Debug|Any CPU.ActiveCfg = Debug|Any CPU
		{66D761CE-B982-4D31-A242-4EBD1D16938F}.Debug|Any CPU.Build.0 = Debug|Any CPU
		{66D761CE-B982-4D31-A242-4EBD1D16938F}.Release|Any CPU.ActiveCfg = Release|Any CPU
		{66D761CE-B982-4D31-A242-4EBD1D16938F}.Release|Any CPU.Build.0 = Release|Any CPU
	EndGlobalSection
	GlobalSection(SolutionProperties) = preSolution
		HideSolutionNode = FALSE
	EndGlobalSection
	GlobalSection(ExtensibilityGlobals) = postSolution
		SolutionGuid = {56E71E59-A7E9-4A2D-A52D-50F410D950C4}
	EndGlobalSection
EndGlobal
